// !$*UTF8*$!
{
	archiveVersion = 1;
	classes = {
	};
	objectVersion = 77;
	objects = {

/* Begin PBXContainerItemProxy section */
		9B22BE722E64C8700005B40D /* PBXContainerItemProxy */ = {
			isa = PBXContainerItemProxy;
			containerPortal = 9B22BE5C2E64C86F0005B40D /* Project object */;
			proxyType = 1;
			remoteGlobalIDString = 9B22BE632E64C86F0005B40D;
			remoteInfo = cowsnbulls;
		};
		9B22BE7C2E64C8700005B40D /* PBXContainerItemProxy */ = {
			isa = PBXContainerItemProxy;
			containerPortal = 9B22BE5C2E64C86F0005B40D /* Project object */;
			proxyType = 1;
			remoteGlobalIDString = 9B22BE632E64C86F0005B40D;
			remoteInfo = cowsnbulls;
		};
/* End PBXContainerItemProxy section */

/* Begin PBXFileReference section */
		9B22BE642E64C86F0005B40D /* cowsnbulls.app */ = {isa = PBXFileReference; explicitFileType = wrapper.application; includeInIndex = 0; path = cowsnbulls.app; sourceTree = BUILT_PRODUCTS_DIR; };
		9B22BE712E64C8700005B40D /* cowsnbullsTests.xctest */ = {isa = PBXFileReference; explicitFileType = wrapper.cfbundle; includeInIndex = 0; path = cowsnbullsTests.xctest; sourceTree = BUILT_PRODUCTS_DIR; };
		9B22BE7B2E64C8700005B40D /* cowsnbullsUITests.xctest */ = {isa = PBXFileReference; explicitFileType = wrapper.cfbundle; includeInIndex = 0; path = cowsnbullsUITests.xctest; sourceTree = BUILT_PRODUCTS_DIR; };
/* End PBXFileReference section */

/* Begin PBXFileSystemSynchronizedRootGroup section */
		9B22BE662E64C86F0005B40D /* cowsnbulls */ = {
			isa = PBXFileSystemSynchronizedRootGroup;
			path = cowsnbulls;
			sourceTree = "<group>";
		};
		9B22BE742E64C8700005B40D /* cowsnbullsTests */ = {
			isa = PBXFileSystemSynchronizedRootGroup;
			path = cowsnbullsTests;
			sourceTree = "<group>";
		};
		9B22BE7E2E64C8700005B40D /* cowsnbullsUITests */ = {
			isa = PBXFileSystemSynchronizedRootGroup;
			path = cowsnbullsUITests;
			sourceTree = "<group>";
		};
/* End PBXFileSystemSynchronizedRootGroup section */

/* Begin PBXFrameworksBuildPhase section */
		9B22BE612E64C86F0005B40D /* Frameworks */ = {
			isa = PBXFrameworksBuildPhase;
			buildActionMask = 2147483647;
			files = (
			);
			runOnlyForDeploymentPostprocessing = 0;
		};
		9B22BE6E2E64C8700005B40D /* Frameworks */ = {
			isa = PBXFrameworksBuildPhase;
			buildActionMask = 2147483647;
			files = (
			);
			runOnlyForDeploymentPostprocessing = 0;
		};
		9B22BE782E64C8700005B40D /* Frameworks */ = {
			isa = PBXFrameworksBuildPhase;
			buildActionMask = 2147483647;
			files = (
			);
			runOnlyForDeploymentPostprocessing = 0;
		};
/* End PBXFrameworksBuildPhase section */

/* Begin PBXGroup section */
		9B22BE5B2E64C86F0005B40D = {
			isa = PBXGroup;
			children = (
				9B22BE662E64C86F0005B40D /* cowsnbulls */,
				9B22BE742E64C8700005B40D /* cowsnbullsTests */,
				9B22BE7E2E64C8700005B40D /* cowsnbullsUITests */,
				9B22BE652E64C86F0005B40D /* Products */,
			);
			sourceTree = "<group>";
		};
		9B22BE652E64C86F0005B40D /* Products */ = {
			isa = PBXGroup;
			children = (
				9B22BE642E64C86F0005B40D /* cowsnbulls.app */,
				9B22BE712E64C8700005B40D /* cowsnbullsTests.xctest */,
				9B22BE7B2E64C8700005B40D /* cowsnbullsUITests.xctest */,
			);
			name = Products;
			sourceTree = "<group>";
		};
/* End PBXGroup section */

/* Begin PBXNativeTarget section */
		9B22BE632E64C86F0005B40D /* cowsnbulls */ = {
			isa = PBXNativeTarget;
			buildConfigurationList = 9B22BE852E64C8710005B40D /* Build configuration list for PBXNativeTarget "cowsnbulls" */;
			buildPhases = (
				9B22BE602E64C86F0005B40D /* Sources */,
				9B22BE612E64C86F0005B40D /* Frameworks */,
				9B22BE622E64C86F0005B40D /* Resources */,
			);
			buildRules = (
			);
			dependencies = (
			);
			fileSystemSynchronizedGroups = (
				9B22BE662E64C86F0005B40D /* cowsnbulls */,
			);
			name = cowsnbulls;
			packageProductDependencies = (
			);
			productName = cowsnbulls;
			productReference = 9B22BE642E64C86F0005B40D /* cowsnbulls.app */;
			productType = "com.apple.product-type.application";
		};
		9B22BE702E64C8700005B40D /* cowsnbullsTests */ = {
			isa = PBXNativeTarget;
			buildConfigurationList = 9B22BE882E64C8710005B40D /* Build configuration list for PBXNativeTarget "cowsnbullsTests" */;
			buildPhases = (
				9B22BE6D2E64C8700005B40D /* Sources */,
				9B22BE6E2E64C8700005B40D /* Frameworks */,
				9B22BE6F2E64C8700005B40D /* Resources */,
			);
			buildRules = (
			);
			dependencies = (
				9B22BE732E64C8700005B40D /* PBXTargetDependency */,
			);
			fileSystemSynchronizedGroups = (
				9B22BE742E64C8700005B40D /* cowsnbullsTests */,
			);
			name = cowsnbullsTests;
			packageProductDependencies = (
			);
			productName = cowsnbullsTests;
			productReference = 9B22BE712E64C8700005B40D /* cowsnbullsTests.xctest */;
			productType = "com.apple.product-type.bundle.unit-test";
		};
		9B22BE7A2E64C8700005B40D /* cowsnbullsUITests */ = {
			isa = PBXNativeTarget;
			buildConfigurationList = 9B22BE8B2E64C8710005B40D /* Build configuration list for PBXNativeTarget "cowsnbullsUITests" */;
			buildPhases = (
				9B22BE772E64C8700005B40D /* Sources */,
				9B22BE782E64C8700005B40D /* Frameworks */,
				9B22BE792E64C8700005B40D /* Resources */,
			);
			buildRules = (
			);
			dependencies = (
				9B22BE7D2E64C8700005B40D /* PBXTargetDependency */,
			);
			fileSystemSynchronizedGroups = (
				9B22BE7E2E64C8700005B40D /* cowsnbullsUITests */,
			);
			name = cowsnbullsUITests;
			packageProductDependencies = (
			);
			productName = cowsnbullsUITests;
			productReference = 9B22BE7B2E64C8700005B40D /* cowsnbullsUITests.xctest */;
			productType = "com.apple.product-type.bundle.ui-testing";
		};
/* End PBXNativeTarget section */

/* Begin PBXProject section */
		9B22BE5C2E64C86F0005B40D /* Project object */ = {
			isa = PBXProject;
			attributes = {
				BuildIndependentTargetsInParallel = 1;
				LastSwiftUpdateCheck = 1640;
				LastUpgradeCheck = 1640;
				TargetAttributes = {
					9B22BE632E64C86F0005B40D = {
						CreatedOnToolsVersion = 16.4;
					};
					9B22BE702E64C8700005B40D = {
						CreatedOnToolsVersion = 16.4;
						TestTargetID = 9B22BE632E64C86F0005B40D;
					};
					9B22BE7A2E64C8700005B40D = {
						CreatedOnToolsVersion = 16.4;
						TestTargetID = 9B22BE632E64C86F0005B40D;
					};
				};
			};
			buildConfigurationList = 9B22BE5F2E64C86F0005B40D /* Build configuration list for PBXProject "cowsnbulls" */;
			developmentRegion = en;
			hasScannedForEncodings = 0;
			knownRegions = (
				en,
				Base,
			);
			mainGroup = 9B22BE5B2E64C86F0005B40D;
			minimizedProjectReferenceProxies = 1;
			preferredProjectObjectVersion = 77;
			productRefGroup = 9B22BE652E64C86F0005B40D /* Products */;
			projectDirPath = "";
			projectRoot = "";
			targets = (
				9B22BE632E64C86F0005B40D /* cowsnbulls */,
				9B22BE702E64C8700005B40D /* cowsnbullsTests */,
				9B22BE7A2E64C8700005B40D /* cowsnbullsUITests */,
			);
		};
/* End PBXProject section */

/* Begin PBXResourcesBuildPhase section */
		9B22BE622E64C86F0005B40D /* Resources */ = {
			isa = PBXResourcesBuildPhase;
			buildActionMask = 2147483647;
			files = (
			);
			runOnlyForDeploymentPostprocessing = 0;
		};
		9B22BE6F2E64C8700005B40D /* Resources */ = {
			isa = PBXResourcesBuildPhase;
			buildActionMask = 2147483647;
			files = (
			);
			runOnlyForDeploymentPostprocessing = 0;
		};
		9B22BE792E64C8700005B40D /* Resources */ = {
			isa = PBXResourcesBuildPhase;
			buildActionMask = 2147483647;
			files = (
			);
			runOnlyForDeploymentPostprocessing = 0;
		};
/* End PBXResourcesBuildPhase section */

/* Begin PBXSourcesBuildPhase section */
		9B22BE602E64C86F0005B40D /* Sources */ = {
			isa = PBXSourcesBuildPhase;
			buildActionMask = 2147483647;
			files = (
			);
			runOnlyForDeploymentPostprocessing = 0;
		};
		9B22BE6D2E64C8700005B40D /* Sources */ = {
			isa = PBXSourcesBuildPhase;
			buildActionMask = 2147483647;
			files = (
			);
			runOnlyForDeploymentPostprocessing = 0;
		};
		9B22BE772E64C8700005B40D /* Sources */ = {
			isa = PBXSourcesBuildPhase;
			buildActionMask = 2147483647;
			files = (
			);
			runOnlyForDeploymentPostprocessing = 0;
		};
/* End PBXSourcesBuildPhase section */

/* Begin PBXTargetDependency section */
		9B22BE732E64C8700005B40D /* PBXTargetDependency */ = {
			isa = PBXTargetDependency;
			target = 9B22BE632E64C86F0005B40D /* cowsnbulls */;
			targetProxy = 9B22BE722E64C8700005B40D /* PBXContainerItemProxy */;
		};
		9B22BE7D2E64C8700005B40D /* PBXTargetDependency */ = {
			isa = PBXTargetDependency;
			target = 9B22BE632E64C86F0005B40D /* cowsnbulls */;
			targetProxy = 9B22BE7C2E64C8700005B40D /* PBXContainerItemProxy */;
		};
/* End PBXTargetDependency section */

/* Begin XCBuildConfiguration section */
		9B22BE832E64C8710005B40D /* Debug */ = {
			isa = XCBuildConfiguration;
			buildSettings = {
				ALWAYS_SEARCH_USER_PATHS = NO;
				ASSETCATALOG_COMPILER_GENERATE_SWIFT_ASSET_SYMBOL_EXTENSIONS = YES;
				CLANG_ANALYZER_NONNULL = YES;
				CLANG_ANALYZER_NUMBER_OBJECT_CONVERSION = YES_AGGRESSIVE;
				CLANG_CXX_LANGUAGE_STANDARD = "gnu++20";
				CLANG_ENABLE_MODULES = YES;
				CLANG_ENABLE_OBJC_ARC = YES;
				CLANG_ENABLE_OBJC_WEAK = YES;
				CLANG_WARN_BLOCK_CAPTURE_AUTORELEASING = YES;
				CLANG_WARN_BOOL_CONVERSION = YES;
				CLANG_WARN_COMMA = YES;
				CLANG_WARN_CONSTANT_CONVERSION = YES;
				CLANG_WARN_DEPRECATED_OBJC_IMPLEMENTATIONS = YES;
				CLANG_WARN_DIRECT_OBJC_ISA_USAGE = YES_ERROR;
				CLANG_WARN_DOCUMENTATION_COMMENTS = YES;
				CLANG_WARN_EMPTY_BODY = YES;
				CLANG_WARN_ENUM_CONVERSION = YES;
				CLANG_WARN_INFINITE_RECURSION = YES;
				CLANG_WARN_INT_CONVERSION = YES;
				CLANG_WARN_NON_LITERAL_NULL_CONVERSION = YES;
				CLANG_WARN_OBJC_IMPLICIT_RETAIN_SELF = YES;
				CLANG_WARN_OBJC_LITERAL_CONVERSION = YES;
				CLANG_WARN_OBJC_ROOT_CLASS = YES_ERROR;
				CLANG_WARN_QUOTED_INCLUDE_IN_FRAMEWORK_HEADER = YES;
				CLANG_WARN_RANGE_LOOP_ANALYSIS = YES;
				CLANG_WARN_STRICT_PROTOTYPES = YES;
				CLANG_WARN_SUSPICIOUS_MOVE = YES;
				CLANG_WARN_UNGUARDED_AVAILABILITY = YES_AGGRESSIVE;
				CLANG_WARN_UNREACHABLE_CODE = YES;
				CLANG_WARN__DUPLICATE_METHOD_MATCH = YES;
				COPY_PHASE_STRIP = NO;
				DEBUG_INFORMATION_FORMAT = dwarf;
				DEVELOPMENT_TEAM = D583LMFSG7;
				ENABLE_STRICT_OBJC_MSGSEND = YES;
				ENABLE_TESTABILITY = YES;
				ENABLE_USER_SCRIPT_SANDBOXING = YES;
				GCC_C_LANGUAGE_STANDARD = gnu17;
				GCC_DYNAMIC_NO_PIC = NO;
				GCC_NO_COMMON_BLOCKS = YES;
				GCC_OPTIMIZATION_LEVEL = 0;
				GCC_PREPROCESSOR_DEFINITIONS = (
					"DEBUG=1",
					"$(inherited)",
				);
				GCC_WARN_64_TO_32_BIT_CONVERSION = YES;
				GCC_WARN_ABOUT_RETURN_TYPE = YES_ERROR;
				GCC_WARN_UNDECLARED_SELECTOR = YES;
				GCC_WARN_UNINITIALIZED_AUTOS = YES_AGGRESSIVE;
				GCC_WARN_UNUSED_FUNCTION = YES;
				GCC_WARN_UNUSED_VARIABLE = YES;
				IPHONEOS_DEPLOYMENT_TARGET = 18.5;
				LOCALIZATION_PREFERS_STRING_CATALOGS = YES;
				MTL_ENABLE_DEBUG_INFO = INCLUDE_SOURCE;
				MTL_FAST_MATH = YES;
				ONLY_ACTIVE_ARCH = YES;
				SDKROOT = iphoneos;
				SWIFT_ACTIVE_COMPILATION_CONDITIONS = "DEBUG $(inherited)";
				SWIFT_OPTIMIZATION_LEVEL = "-Onone";
			};
			name = Debug;
		};
		9B22BE842E64C8710005B40D /* Release */ = {
			isa = XCBuildConfiguration;
			buildSettings = {
				ALWAYS_SEARCH_USER_PATHS = NO;
				ASSETCATALOG_COMPILER_GENERATE_SWIFT_ASSET_SYMBOL_EXTENSIONS = YES;
				CLANG_ANALYZER_NONNULL = YES;
				CLANG_ANALYZER_NUMBER_OBJECT_CONVERSION = YES_AGGRESSIVE;
				CLANG_CXX_LANGUAGE_STANDARD = "gnu++20";
				CLANG_ENABLE_MODULES = YES;
				CLANG_ENABLE_OBJC_ARC = YES;
				CLANG_ENABLE_OBJC_WEAK = YES;
				CLANG_WARN_BLOCK_CAPTURE_AUTORELEASING = YES;
				CLANG_WARN_BOOL_CONVERSION = YES;
				CLANG_WARN_COMMA = YES;
				CLANG_WARN_CONSTANT_CONVERSION = YES;
				CLANG_WARN_DEPRECATED_OBJC_IMPLEMENTATIONS = YES;
				CLANG_WARN_DIRECT_OBJC_ISA_USAGE = YES_ERROR;
				CLANG_WARN_DOCUMENTATION_COMMENTS = YES;
				CLANG_WARN_EMPTY_BODY = YES;
				CLANG_WARN_ENUM_CONVERSION = YES;
				CLANG_WARN_INFINITE_RECURSION = YES;
				CLANG_WARN_INT_CONVERSION = YES;
				CLANG_WARN_NON_LITERAL_NULL_CONVERSION = YES;
				CLANG_WARN_OBJC_IMPLICIT_RETAIN_SELF = YES;
				CLANG_WARN_OBJC_LITERAL_CONVERSION = YES;
				CLANG_WARN_OBJC_ROOT_CLASS = YES_ERROR;
				CLANG_WARN_QUOTED_INCLUDE_IN_FRAMEWORK_HEADER = YES;
				CLANG_WARN_RANGE_LOOP_ANALYSIS = YES;
				CLANG_WARN_STRICT_PROTOTYPES = YES;
				CLANG_WARN_SUSPICIOUS_MOVE = YES;
				CLANG_WARN_UNGUARDED_AVAILABILITY = YES_AGGRESSIVE;
				CLANG_WARN_UNREACHABLE_CODE = YES;
				CLANG_WARN__DUPLICATE_METHOD_MATCH = YES;
				COPY_PHASE_STRIP = NO;
				DEBUG_INFORMATION_FORMAT = "dwarf-with-dsym";
				DEVELOPMENT_TEAM = D583LMFSG7;
				ENABLE_NS_ASSERTIONS = NO;
				ENABLE_STRICT_OBJC_MSGSEND = YES;
				ENABLE_USER_SCRIPT_SANDBOXING = YES;
				GCC_C_LANGUAGE_STANDARD = gnu17;
				GCC_NO_COMMON_BLOCKS = YES;
				GCC_WARN_64_TO_32_BIT_CONVERSION = YES;
				GCC_WARN_ABOUT_RETURN_TYPE = YES_ERROR;
				GCC_WARN_UNDECLARED_SELECTOR = YES;
				GCC_WARN_UNINITIALIZED_AUTOS = YES_AGGRESSIVE;
				GCC_WARN_UNUSED_FUNCTION = YES;
				GCC_WARN_UNUSED_VARIABLE = YES;
				IPHONEOS_DEPLOYMENT_TARGET = 18.5;
				LOCALIZATION_PREFERS_STRING_CATALOGS = YES;
				MTL_ENABLE_DEBUG_INFO = NO;
				MTL_FAST_MATH = YES;
				SDKROOT = iphoneos;
				SWIFT_COMPILATION_MODE = wholemodule;
				VALIDATE_PRODUCT = YES;
			};
			name = Release;
		};
		9B22BE862E64C8710005B40D /* Debug */ = {
			isa = XCBuildConfiguration;
			buildSettings = {
				ASSETCATALOG_COMPILER_APPICON_NAME = AppIcon;
				ASSETCATALOG_COMPILER_GLOBAL_ACCENT_COLOR_NAME = AccentColor;
				CODE_SIGN_STYLE = Automatic;
				CURRENT_PROJECT_VERSION = 1;
				DEVELOPMENT_TEAM = D583LMFSG7;
				ENABLE_PREVIEWS = YES;
				GENERATE_INFOPLIST_FILE = YES;
				INFOPLIST_KEY_UIApplicationSceneManifest_Generation = YES;
				INFOPLIST_KEY_UIApplicationSupportsIndirectInputEvents = YES;
				INFOPLIST_KEY_UILaunchScreen_Generation = YES;
				INFOPLIST_KEY_UISupportedInterfaceOrientations_iPad = "UIInterfaceOrientationPortrait UIInterfaceOrientationPortraitUpsideDown UIInterfaceOrientationLandscapeLeft UIInterfaceOrientationLandscapeRight";
				INFOPLIST_KEY_UISupportedInterfaceOrientations_iPhone = "UIInterfaceOrientationPortrait UIInterfaceOrientationLandscapeLeft UIInterfaceOrientationLandscapeRight";
				LD_RUNPATH_SEARCH_PATHS = (
					"$(inherited)",
					"@executable_path/Frameworks",
				);
				MARKETING_VERSION = 1.0;
				PRODUCT_BUNDLE_IDENTIFIER = com.narendramannan.cowsnbulls;
				PRODUCT_NAME = "$(TARGET_NAME)";
				SWIFT_EMIT_LOC_STRINGS = YES;
				SWIFT_VERSION = 5.0;
				TARGETED_DEVICE_FAMILY = "1,2";
			};
			name = Debug;
		};
		9B22BE872E64C8710005B40D /* Release */ = {
			isa = XCBuildConfiguration;
			buildSettings = {
				ASSETCATALOG_COMPILER_APPICON_NAME = AppIcon;
				ASSETCATALOG_COMPILER_GLOBAL_ACCENT_COLOR_NAME = AccentColor;
				CODE_SIGN_STYLE = Automatic;
				CURRENT_PROJECT_VERSION = 1;
				DEVELOPMENT_TEAM = D583LMFSG7;
				ENABLE_PREVIEWS = YES;
				GENERATE_INFOPLIST_FILE = YES;
				INFOPLIST_KEY_UIApplicationSceneManifest_Generation = YES;
				INFOPLIST_KEY_UIApplicationSupportsIndirectInputEvents = YES;
				INFOPLIST_KEY_UILaunchScreen_Generation = YES;
				INFOPLIST_KEY_UISupportedInterfaceOrientations_iPad = "UIInterfaceOrientationPortrait UIInterfaceOrientationPortraitUpsideDown UIInterfaceOrientationLandscapeLeft UIInterfaceOrientationLandscapeRight";
				INFOPLIST_KEY_UISupportedInterfaceOrientations_iPhone = "UIInterfaceOrientationPortrait UIInterfaceOrientationLandscapeLeft UIInterfaceOrientationLandscapeRight";
				LD_RUNPATH_SEARCH_PATHS = (
					"$(inherited)",
					"@executable_path/Frameworks",
				);
				MARKETING_VERSION = 1.0;
				PRODUCT_BUNDLE_IDENTIFIER = com.narendramannan.cowsnbulls;
				PRODUCT_NAME = "$(TARGET_NAME)";
				SWIFT_EMIT_LOC_STRINGS = YES;
				SWIFT_VERSION = 5.0;
				TARGETED_DEVICE_FAMILY = "1,2";
			};
			name = Release;
		};
		9B22BE892E64C8710005B40D /* Debug */ = {
			isa = XCBuildConfiguration;
			buildSettings = {
				BUNDLE_LOADER = "$(TEST_HOST)";
				CODE_SIGN_STYLE = Automatic;
				CURRENT_PROJECT_VERSION = 1;
				DEVELOPMENT_TEAM = D583LMFSG7;
				GENERATE_INFOPLIST_FILE = YES;
				IPHONEOS_DEPLOYMENT_TARGET = 18.5;
				MARKETING_VERSION = 1.0;
				PRODUCT_BUNDLE_IDENTIFIER = com.narendramannan.cowsnbullsTests;
				PRODUCT_NAME = "$(TARGET_NAME)";
				SWIFT_EMIT_LOC_STRINGS = NO;
				SWIFT_VERSION = 5.0;
				TARGETED_DEVICE_FAMILY = "1,2";
				TEST_HOST = "$(BUILT_PRODUCTS_DIR)/cowsnbulls.app/$(BUNDLE_EXECUTABLE_FOLDER_PATH)/cowsnbulls";
			};
			name = Debug;
		};
		9B22BE8A2E64C8710005B40D /* Release */ = {
			isa = XCBuildConfiguration;
			buildSettings = {
				BUNDLE_LOADER = "$(TEST_HOST)";
				CODE_SIGN_STYLE = Automatic;
				CURRENT_PROJECT_VERSION = 1;
				DEVELOPMENT_TEAM = D583LMFSG7;
				GENERATE_INFOPLIST_FILE = YES;
				IPHONEOS_DEPLOYMENT_TARGET = 18.5;
				MARKETING_VERSION = 1.0;
				PRODUCT_BUNDLE_IDENTIFIER = com.narendramannan.cowsnbullsTests;
				PRODUCT_NAME = "$(TARGET_NAME)";
				SWIFT_EMIT_LOC_STRINGS = NO;
				SWIFT_VERSION = 5.0;
				TARGETED_DEVICE_FAMILY = "1,2";
				TEST_HOST = "$(BUILT_PRODUCTS_DIR)/cowsnbulls.app/$(BUNDLE_EXECUTABLE_FOLDER_PATH)/cowsnbulls";
			};
			name = Release;
		};
		9B22BE8C2E64C8710005B40D /* Debug */ = {
			isa = XCBuildConfiguration;
			buildSettings = {
				CODE_SIGN_STYLE = Automatic;
				CURRENT_PROJECT_VERSION = 1;
				DEVELOPMENT_TEAM = D583LMFSG7;
				GENERATE_INFOPLIST_FILE = YES;
				MARKETING_VERSION = 1.0;
				PRODUCT_BUNDLE_IDENTIFIER = com.narendramannan.cowsnbullsUITests;
				PRODUCT_NAME = "$(TARGET_NAME)";
				SWIFT_EMIT_LOC_STRINGS = NO;
				SWIFT_VERSION = 5.0;
				TARGETED_DEVICE_FAMILY = "1,2";
				TEST_TARGET_NAME = cowsnbulls;
			};
			name = Debug;
		};
		9B22BE8D2E64C8710005B40D /* Release */ = {
			isa = XCBuildConfiguration;
			buildSettings = {
				CODE_SIGN_STYLE = Automatic;
				CURRENT_PROJECT_VERSION = 1;
				DEVELOPMENT_TEAM = D583LMFSG7;
				GENERATE_INFOPLIST_FILE = YES;
				MARKETING_VERSION = 1.0;
				PRODUCT_BUNDLE_IDENTIFIER = com.narendramannan.cowsnbullsUITests;
				PRODUCT_NAME = "$(TARGET_NAME)";
				SWIFT_EMIT_LOC_STRINGS = NO;
				SWIFT_VERSION = 5.0;
				TARGETED_DEVICE_FAMILY = "1,2";
				TEST_TARGET_NAME = cowsnbulls;
			};
			name = Release;
		};
/* End XCBuildConfiguration section */

/* Begin XCConfigurationList section */
		9B22BE5F2E64C86F0005B40D /* Build configuration list for PBXProject "cowsnbulls" */ = {
			isa = XCConfigurationList;
			buildConfigurations = (
				9B22BE832E64C8710005B40D /* Debug */,
				9B22BE842E64C8710005B40D /* Release */,
			);
			defaultConfigurationIsVisible = 0;
			defaultConfigurationName = Release;
		};
		9B22BE852E64C8710005B40D /* Build configuration list for PBXNativeTarget "cowsnbulls" */ = {
			isa = XCConfigurationList;
			buildConfigurations = (
				9B22BE862E64C8710005B40D /* Debug */,
				9B22BE872E64C8710005B40D /* Release */,
			);
			defaultConfigurationIsVisible = 0;
			defaultConfigurationName = Release;
		};
		9B22BE882E64C8710005B40D /* Build configuration list for PBXNativeTarget "cowsnbullsTests" */ = {
			isa = XCConfigurationList;
			buildConfigurations = (
				9B22BE892E64C8710005B40D /* Debug */,
				9B22BE8A2E64C8710005B40D /* Release */,
			);
			defaultConfigurationIsVisible = 0;
			defaultConfigurationName = Release;
		};
		9B22BE8B2E64C8710005B40D /* Build configuration list for PBXNativeTarget "cowsnbullsUITests" */ = {
			isa = XCConfigurationList;
			buildConfigurations = (
				9B22BE8C2E64C8710005B40D /* Debug */,
				9B22BE8D2E64C8710005B40D /* Release */,
			);
			defaultConfigurationIsVisible = 0;
			defaultConfigurationName = Release;
		};
/* End XCConfigurationList section */
	};
	rootObject = 9B22BE5C2E64C86F0005B40D /* Project object */;
}
